
Microsoft Visual Studio Solution File, Format Version 12.00
# Visual Studio Version 17
VisualStudioVersion = 17.14.36414.22
MinimumVisualStudioVersion = 10.0.40219.1
Project("{FAE04EC0-301F-11D3-BF4B-00C04F79EFBC}") = "IteamRepositoryAPI", "IteamRepositoryAPI\IteamRepositoryAPI.csproj", "{A66C9E98-A54E-4FBF-B87C-E4950C846509}"
EndProject
Project("{FAE04EC0-301F-11D3-BF4B-00C04F79EFBC}") = "ItemRepositoryWorkerService", "ItemRepositoryWorkerService\ItemRepositoryWorkerService.csproj", "{EE555217-EBF8-44A6-9442-BCFC23B3DA77}"
EndProject
Global
	GlobalSection(SolutionConfigurationPlatforms) = preSolution
		Debug|Any CPU = Debug|Any CPU
		Release|Any CPU = Release|Any CPU
	EndGlobalSection
	GlobalSection(ProjectConfigurationPlatforms) = postSolution
		{A66C9E98-A54E-4FBF-B87C-E4950C846509}.Debug|Any CPU.ActiveCfg = Debug|Any CPU
		{A66C9E98-A54E-4FBF-B87C-E4950C846509}.Debug|Any CPU.Build.0 = Debug|Any CPU
		{A66C9E98-A54E-4FBF-B87C-E4950C846509}.Release|Any CPU.ActiveCfg = Release|Any CPU
		{A66C9E98-A54E-4FBF-B87C-E4950C846509}.Release|Any CPU.Build.0 = Release|Any CPU
		{EE555217-EBF8-44A6-9442-BCFC23B3DA77}.Debug|Any CPU.ActiveCfg = Debug|Any CPU
		{EE555217-EBF8-44A6-9442-BCFC23B3DA77}.Debug|Any CPU.Build.0 = Debug|Any CPU
		{EE555217-EBF8-44A6-9442-BCFC23B3DA77}.Release|Any CPU.ActiveCfg = Release|Any CPU
		{EE555217-EBF8-44A6-9442-BCFC23B3DA77}.Release|Any CPU.Build.0 = Release|Any CPU
	EndGlobalSection
	GlobalSection(SolutionProperties) = preSolution
		HideSolutionNode = FALSE
	EndGlobalSection
	GlobalSection(ExtensibilityGlobals) = postSolution
		SolutionGuid = {3DF14B44-8964-48E6-AF20-E912CE015AE9}
	EndGlobalSection
EndGlobal
